PODS:
  - audio_session (0.0.1):
    - Flutter
  - audioplayers_darwin (0.0.1):
    - Flutter
  - Flutter (1.0.0)
  - path_provider_foundation (0.0.1):
    - Flutter
    - FlutterMacOS
  - perfect_volume_control (0.0.1):
    - Flutter
  - permission_handler_apple (9.0.4):
    - Flutter
  - playify (0.0.1):
    - Flutter
  - shared_preferences_foundation (0.0.1):
    - Flutter
    - FlutterMacOS
  - soundpool (0.0.1):
    - Flutter
  - spotify_sdk (0.0.1):
    - Flutter
  - url_launcher_ios (0.0.1):
    - Flutter

DEPENDENCIES:
  - audio_session (from `.symlinks/plugins/audio_session/ios`)
  - audioplayers_darwin (from `.symlinks/plugins/audioplayers_darwin/ios`)
  - Flutter (from `Flutter`)
  - path_provider_foundation (from `.symlinks/plugins/path_provider_foundation/ios`)
  - perfect_volume_control (from `.symlinks/plugins/perfect_volume_control/ios`)
  - permission_handler_apple (from `.symlinks/plugins/permission_handler_apple/ios`)
  - playify (from `.symlinks/plugins/playify/ios`)
  - shared_preferences_foundation (from `.symlinks/plugins/shared_preferences_foundation/ios`)
  - soundpool (from `.symlinks/plugins/soundpool/ios`)
  - spotify_sdk (from `.symlinks/plugins/spotify_sdk/ios`)
  - url_launcher_ios (from `.symlinks/plugins/url_launcher_ios/ios`)

EXTERNAL SOURCES:
  audio_session:
    :path: ".symlinks/plugins/audio_session/ios"
  audioplayers_darwin:
    :path: ".symlinks/plugins/audioplayers_darwin/ios"
  Flutter:
    :path: Flutter
  path_provider_foundation:
    :path: ".symlinks/plugins/path_provider_foundation/ios"
  perfect_volume_control:
    :path: ".symlinks/plugins/perfect_volume_control/ios"
  permission_handler_apple:
    :path: ".symlinks/plugins/permission_handler_apple/ios"
  playify:
    :path: ".symlinks/plugins/playify/ios"
  shared_preferences_foundation:
    :path: ".symlinks/plugins/shared_preferences_foundation/ios"
  soundpool:
    :path: ".symlinks/plugins/soundpool/ios"
  spotify_sdk:
    :path: ".symlinks/plugins/spotify_sdk/ios"
  url_launcher_ios:
    :path: ".symlinks/plugins/url_launcher_ios/ios"

SPEC CHECKSUMS:
  audio_session: 4f3e461722055d21515cf3261b64c973c062f345
  audioplayers_darwin: 877d9a4d06331c5c374595e46e16453ac7eafa40
  Flutter: f04841e97a9d0b0a8025694d0796dd46242b2854
  path_provider_foundation: eaf5b3e458fc0e5fbb9940fb09980e853fe058b8
  perfect_volume_control: 79b165ecd79d6ee20e60bf15534de61ebf3bb5f3
  permission_handler_apple: 44366e37eaf29454a1e7b1b7d736c2cceaeb17ce
  playify: 011a349ff3652284046a563c0866e0bed7751ca8
  shared_preferences_foundation: e2dae3258e06f44cc55f49d42024fd8dd03c590c
  soundpool: c7f4422ca206e77f8900ed3c4ee6a6ff5a0e38a9
  spotify_sdk: 63cc13896c9ff93c4d023e03bb4b9b516602f355
  url_launcher_ios: 08a3dfac5fb39e8759aeb0abbd5d9480f30fc8b4

PODFILE CHECKSUM: 7368163408c647b7eb699d0d788ba6718e18fb8d

COCOAPODS: 1.12.1
